Microsoft Visual Studio Solution File, Format Version 12.00
# Visual Studio 15
VisualStudioVersion = 15.0.26124.0
MinimumVisualStudioVersion = 15.0.26124.0
Project("{9A19103F-16F7-4668-BE54-9A1E7A4F7556}") = "InfinityStringLib", "lib\InfinityStringLib.csproj", "{C52B0000-0B15-4C33-8D06-E186085BB0A2}"
EndProject
Project("{9A19103F-16F7-4668-BE54-9A1E7A4F7556}") = "InfinityStringTest", "test\InfinityStringTest.csproj", "{32766844-D7D3-4FCD-BFC7-C9B37E0D8CFE}"
EndProject
Global
	GlobalSection(SolutionConfigurationPlatforms) = preSolution
		Debug|Any CPU = Debug|Any CPU
		Debug|x64 = Debug|x64
		Debug|x86 = Debug|x86
		Release|Any CPU = Release|Any CPU
		Release|x64 = Release|x64
		Release|x86 = Release|x86
	EndGlobalSection
	GlobalSection(ProjectConfigurationPlatforms) = postSolution
		{C52B0000-0B15-4C33-8D06-E186085BB0A2}.Debug|Any CPU.ActiveCfg = Debug|Any CPU
		{C52B0000-0B15-4C33-8D06-E186085BB0A2}.Debug|Any CPU.Build.0 = Debug|Any CPU
		{C52B0000-0B15-4C33-8D06-E186085BB0A2}.Debug|x64.ActiveCfg = Debug|Any CPU
		{C52B0000-0B15-4C33-8D06-E186085BB0A2}.Debug|x64.Build.0 = Debug|Any CPU
		{C52B0000-0B15-4C33-8D06-E186085BB0A2}.Debug|x86.ActiveCfg = Debug|Any CPU
		{C52B0000-0B15-4C33-8D06-E186085BB0A2}.Debug|x86.Build.0 = Debug|Any CPU
		{C52B0000-0B15-4C33-8D06-E186085BB0A2}.Release|Any CPU.ActiveCfg = Release|Any CPU
		{C52B0000-0B15-4C33-8D06-E186085BB0A2}.Release|Any CPU.Build.0 = Release|Any CPU
		{C52B0000-0B15-4C33-8D06-E186085BB0A2}.Release|x64.ActiveCfg = Release|Any CPU
		{C52B0000-0B15-4C33-8D06-E186085BB0A2}.Release|x64.Build.0 = Release|Any CPU
		{C52B0000-0B15-4C33-8D06-E186085BB0A2}.Release|x86.ActiveCfg = Release|Any CPU
		{C52B0000-0B15-4C33-8D06-E186085BB0A2}.Release|x86.Build.0 = Release|Any CPU
		{32766844-D7D3-4FCD-BFC7-C9B37E0D8CFE}.Debug|Any CPU.ActiveCfg = Debug|Any CPU
		{32766844-D7D3-4FCD-BFC7-C9B37E0D8CFE}.Debug|Any CPU.Build.0 = Debug|Any CPU
		{32766844-D7D3-4FCD-BFC7-C9B37E0D8CFE}.Debug|x64.ActiveCfg = Debug|Any CPU
		{32766844-D7D3-4FCD-BFC7-C9B37E0D8CFE}.Debug|x64.Build.0 = Debug|Any CPU
		{32766844-D7D3-4FCD-BFC7-C9B37E0D8CFE}.Debug|x86.ActiveCfg = Debug|Any CPU
		{32766844-D7D3-4FCD-BFC7-C9B37E0D8CFE}.Debug|x86.Build.0 = Debug|Any CPU
		{32766844-D7D3-4FCD-BFC7-C9B37E0D8CFE}.Release|Any CPU.ActiveCfg = Release|Any CPU
		{32766844-D7D3-4FCD-BFC7-C9B37E0D8CFE}.Release|Any CPU.Build.0 = Release|Any CPU
		{32766844-D7D3-4FCD-BFC7-C9B37E0D8CFE}.Release|x64.ActiveCfg = Release|Any CPU
		{32766844-D7D3-4FCD-BFC7-C9B37E0D8CFE}.Release|x64.Build.0 = Release|Any CPU
		{32766844-D7D3-4FCD-BFC7-C9B37E0D8CFE}.Release|x86.ActiveCfg = Release|Any CPU
		{32766844-D7D3-4FCD-BFC7-C9B37E0D8CFE}.Release|x86.Build.0 = Release|Any CPU
	EndGlobalSection
	GlobalSection(SolutionProperties) = preSolution
		HideSolutionNode = FALSE
	EndGlobalSection
	GlobalSection(ExtensibilityGlobals) = postSolution
		SolutionGuid = {CC84470D-30AF-45D7-9507-EF6EAEC520AB}
	EndGlobalSection
EndGlobal
